{
    "_readme": [
        "This file locks the dependencies of your project to a known state",
        "Read more about it at https://getcomposer.org/doc/01-basic-usage.md#installing-dependencies",
        "This file is @generated automatically"
    ],
    "content-hash": "9d4ed43cc2c9fcc75fb060d96841a58e",
    "packages": [
        {
            "name": "bacon/bacon-qr-code",
            "version": "v3.1.1",
            "source": {
                "type": "git",
                "url": "https://github.com/Bacon/BaconQrCode.git",
                "reference": "4da2233e72eeecd9be3b62e0dc2cc9ed8e2e31c2"
            },
            "dist": {
                "type": "zip",
                "url": "https://api.github.com/repos/Bacon/BaconQrCode/zipball/4da2233e72eeecd9be3b62e0dc2cc9ed8e2e31c2",
                "reference": "4da2233e72eeecd9be3b62e0dc2cc9ed8e2e31c2",
                "shasum": ""
            },
            "require": {
                "dasprid/enum": "^1.0.3",
                "ext-iconv": "*",
                "php": "^8.1"
            },
            "require-dev": {
                "phly/keep-a-changelog": "^2.12",
                "phpunit/phpunit": "^10.5.11 || ^11.0.4",
                "spatie/phpunit-snapshot-assertions": "^5.1.5",
                "spatie/pixelmatch-php": "^1.2.0",
                "squizlabs/php_codesniffer": "^3.9"
            },
            "suggest": {
                "ext-imagick": "to generate QR code images"
            },
            "type": "library",
            "autoload": {
                "psr-4": {
                    "BaconQrCode\\": "src/"
                }
            },
            "notification-url": "https://packagist.org/downloads/",
            "license": [
                "BSD-2-Clause"
            ],
            "authors": [
                {
                    "name": "Ben Scholzen 'DASPRiD'",
                    "email": "mail@dasprids.de",
                    "homepage": "https://dasprids.de/",
                    "role": "Developer"
                }
            ],
            "description": "BaconQrCode is a QR code generator for PHP.",
            "homepage": "https://github.com/Bacon/BaconQrCode",
            "support": {
                "issues": "https://github.com/Bacon/BaconQrCode/issues",
                "source": "https://github.com/Bacon/BaconQrCode/tree/v3.1.1"
            },
            "time": "2026-04-05T21:06:35+00:00"
        },
        {
            "name": "dasprid/enum",
            "version": "1.0.7",
            "source": {
                "type": "git",
                "url": "https://github.com/DASPRiD/Enum.git",
                "reference": "b5874fa9ed0043116c72162ec7f4fb50e02e7cce"
            },
            "dist": {
                "type": "zip",
                "url": "https://api.github.com/repos/DASPRiD/Enum/zipball/b5874fa9ed0043116c72162ec7f4fb50e02e7cce",
                "reference": "b5874fa9ed0043116c72162ec7f4fb50e02e7cce",
                "shasum": ""
            },
            "require": {
                "php": ">=7.1 <9.0"
            },
            "require-dev": {
                "phpunit/phpunit": "^7 || ^8 || ^9 || ^10 || ^11",
                "squizlabs/php_codesniffer": "*"
            },
            "type": "library",
            "autoload": {
                "psr-4": {
                    "DASPRiD\\Enum\\": "src/"
                }
            },
            "notification-url": "https://packagist.org/downloads/",
            "license": [
                "BSD-2-Clause"
            ],
            "authors": [
                {
                    "name": "Ben Scholzen 'DASPRiD'",
                    "email": "mail@dasprids.de",
                    "homepage": "https://dasprids.de/",
                    "role": "Developer"
                }
            ],
            "description": "PHP 7.1 enum implementation",
            "keywords": [
                "enum",
                "map"
            ],
            "support": {
                "issues": "https://github.com/DASPRiD/Enum/issues",
                "source": "https://github.com/DASPRiD/Enum/tree/1.0.7"
            },
            "time": "2025-09-16T12:23:56+00:00"
        },
        {
            "name": "endroid/qr-code",
            "version": "6.0.9",
            "source": {
                "type": "git",
                "url": "https://github.com/endroid/qr-code.git",
                "reference": "21e888e8597440b2205e2e5c484b6c8e556bcd1a"
            },
            "dist": {
                "type": "zip",
                "url": "https://api.github.com/repos/endroid/qr-code/zipball/21e888e8597440b2205e2e5c484b6c8e556bcd1a",
                "reference": "21e888e8597440b2205e2e5c484b6c8e556bcd1a",
                "shasum": ""
            },
            "require": {
                "bacon/bacon-qr-code": "^3.0",
                "php": "^8.2"
            },
            "require-dev": {
                "endroid/quality": "dev-main",
                "ext-gd": "*",
                "khanamiryan/qrcode-detector-decoder": "^2.0.2",
                "setasign/fpdf": "^1.8.2"
            },
            "suggest": {
                "ext-gd": "Enables you to write PNG images",
                "khanamiryan/qrcode-detector-decoder": "Enables you to use the image validator",
                "roave/security-advisories": "Makes sure package versions with known security issues are not installed",
                "setasign/fpdf": "Enables you to use the PDF writer"
            },
            "type": "library",
            "extra": {
                "branch-alias": {
                    "dev-main": "6.x-dev"
                }
            },
            "autoload": {
                "psr-4": {
                    "Endroid\\QrCode\\": "src/"
                }
            },
            "notification-url": "https://packagist.org/downloads/",
            "license": [
                "MIT"
            ],
            "authors": [
                {
                    "name": "Jeroen van den Enden",
                    "email": "info@endroid.nl"
                }
            ],
            "description": "Endroid QR Code",
            "homepage": "https://github.com/endroid/qr-code",
            "keywords": [
                "code",
                "endroid",
                "php",
                "qr",
                "qrcode"
            ],
            "support": {
                "issues": "https://github.com/endroid/qr-code/issues",
                "source": "https://github.com/endroid/qr-code/tree/6.0.9"
            },
            "funding": [
                {
                    "url": "https://github.com/endroid",
                    "type": "github"
                }
            ],
            "time": "2025-07-13T19:59:45+00:00"
        },
        {
            "name": "mercadopago/dx-php",
            "version": "3.16.0",
            "source": {
                "type": "git",
                "url": "https://github.com/mercadopago/sdk-php.git",
                "reference": "6138da3381549e4d0a5839440e6f0e35d1760e7a"
            },
            "dist": {
                "type": "zip",
                "url": "https://api.github.com/repos/mercadopago/sdk-php/zipball/6138da3381549e4d0a5839440e6f0e35d1760e7a",
                "reference": "6138da3381549e4d0a5839440e6f0e35d1760e7a",
                "shasum": ""
            },
            "require": {
                "php": ">=8.2"
            },
            "require-dev": {
                "friendsofphp/php-cs-fixer": "^3.22",
                "phpunit/phpunit": "^11.0",
                "squizlabs/php_codesniffer": ">=3.13.6",
                "symfony/console": "^7.0"
            },
            "type": "library",
            "autoload": {
                "psr-4": {
                    "MercadoPago\\": "src/MercadoPago"
                }
            },
            "notification-url": "https://packagist.org/downloads/",
            "license": [
                "MIT"
            ],
            "description": "Mercado Pago PHP SDK",
            "homepage": "https://github.com/mercadopago/sdk-php",
            "support": {
                "issues": "https://github.com/mercadopago/sdk-php/issues",
                "source": "https://github.com/mercadopago/sdk-php/tree/3.16.0"
            },
            "time": "2026-08-27T18:14:23+00:00"
        },
        {
            "name": "stripe/stripe-php",
            "version": "v18.2.0",
            "source": {
                "type": "git",
                "url": "https://github.com/stripe/stripe-php.git",
                "reference": "0acd7bdac84ad0f940d5da30c417170ce59b4fbc"
            },
            "dist": {
                "type": "zip",
                "url": "https://api.github.com/repos/stripe/stripe-php/zipball/0acd7bdac84ad0f940d5da30c417170ce59b4fbc",
                "reference": "0acd7bdac84ad0f940d5da30c417170ce59b4fbc",
                "shasum": ""
            },
            "require": {
                "ext-curl": "*",
                "ext-json": "*",
                "ext-mbstring": "*",
                "php": ">=5.6.0"
            },
            "require-dev": {
                "friendsofphp/php-cs-fixer": "3.72.0",
                "phpstan/phpstan": "^1.2",
                "phpunit/phpunit": "^5.7 || ^9.0"
            },
            "type": "library",
            "extra": {
                "branch-alias": {
                    "dev-master": "2.0-dev"
                }
            },
            "autoload": {
                "psr-4": {
                    "Stripe\\": "lib/"
                }
            },
            "notification-url": "https://packagist.org/downloads/",
            "license": [
                "MIT"
            ],
            "authors": [
                {
                    "name": "Stripe and contributors",
                    "homepage": "https://github.com/stripe/stripe-php/contributors"
                }
            ],
            "description": "Stripe PHP Library",
            "homepage": "https://stripe.com/",
            "keywords": [
                "api",
                "payment processing",
                "stripe"
            ],
            "support": {
                "issues": "https://github.com/stripe/stripe-php/issues",
                "source": "https://github.com/stripe/stripe-php/tree/v18.2.0"
            },
            "time": "2025-11-05T22:59:39+00:00"
        }
    ],
    "packages-dev": [],
    "aliases": [],
    "minimum-stability": "stable",
    "stability-flags": {},
    "prefer-stable": false,
    "prefer-lowest": false,
    "platform": {
        "php": "^8.2",
        "ext-curl": "*",
        "ext-mbstring": "*",
        "ext-openssl": "*",
        "ext-pdo": "*",
        "ext-simplexml": "*"
    },
    "platform-dev": {},
    "plugin-api-version": "2.9.0"
}
